
Microsoft Visual Studio Solution File, Format Version 12.00
# Visual Studio Version 16
VisualStudioVersion = 16.0.29201.188
MinimumVisualStudioVersion = 10.0.40219.1
Project("{FAE04EC0-301F-11D3-BF4B-00C04F79EFBC}") = "PirateCruise", "PirateCruise\PirateCruise.csproj", "{4C4D7E83-F6AF-4F4E-BEF5-D16E37DBEDCC}"
EndProject
Project("{FAE04EC0-301F-11D3-BF4B-00C04F79EFBC}") = "PirateCruise.Tests", "PirateCruise.Tests\PirateCruise.Tests.csproj", "{0D4D43C9-298D-428A-AC84-EEF251500462}"
EndProject
Global
	GlobalSection(SolutionConfigurationPlatforms) = preSolution
		Debug|Any CPU = Debug|Any CPU
		Release|Any CPU = Release|Any CPU
	EndGlobalSection
	GlobalSection(ProjectConfigurationPlatforms) = postSolution
		{4C4D7E83-F6AF-4F4E-BEF5-D16E37DBEDCC}.Debug|Any CPU.ActiveCfg = Debug|Any CPU
		{4C4D7E83-F6AF-4F4E-BEF5-D16E37DBEDCC}.Debug|Any CPU.Build.0 = Debug|Any CPU
		{4C4D7E83-F6AF-4F4E-BEF5-D16E37DBEDCC}.Release|Any CPU.ActiveCfg = Release|Any CPU
		{4C4D7E83-F6AF-4F4E-BEF5-D16E37DBEDCC}.Release|Any CPU.Build.0 = Release|Any CPU
		{0D4D43C9-298D-428A-AC84-EEF251500462}.Debug|Any CPU.ActiveCfg = Debug|Any CPU
		{0D4D43C9-298D-428A-AC84-EEF251500462}.Debug|Any CPU.Build.0 = Debug|Any CPU
		{0D4D43C9-298D-428A-AC84-EEF251500462}.Release|Any CPU.ActiveCfg = Release|Any CPU
		{0D4D43C9-298D-428A-AC84-EEF251500462}.Release|Any CPU.Build.0 = Release|Any CPU
	EndGlobalSection
	GlobalSection(SolutionProperties) = preSolution
		HideSolutionNode = FALSE
	EndGlobalSection
	GlobalSection(ExtensibilityGlobals) = postSolution
		SolutionGuid = {5846B0B6-0051-4599-BEDE-C6144F78926B}
	EndGlobalSection
EndGlobal
